
Microsoft Visual Studio Solution File, Format Version 12.00
# Visual Studio Version 16
VisualStudioVersion = 16.0.30002.166
MinimumVisualStudioVersion = 10.0.40219.1
Project("{FAE04EC0-301F-11D3-BF4B-00C04F79EFBC}") = "TreinaWeb.MinhaAPI.API", "TreinaWeb.MinhaAPI.API\TreinaWeb.MinhaAPI.API.csproj", "{82AC8346-3316-4B1D-8C42-EC83EFF4CE18}"
EndProject
Project("{FAE04EC0-301F-11D3-BF4B-00C04F79EFBC}") = "TreinaWeb.MinhaAPI.Dominio", "TreinaWeb.MinhaAPI.Dominio\TreinaWeb.MinhaAPI.Dominio.csproj", "{8B842A56-C0DC-488E-806B-C7BC2A2DC710}"
EndProject
Project("{FAE04EC0-301F-11D3-BF4B-00C04F79EFBC}") = "TreinaWeb.MinhaAPI.AcessaDados.Entity", "TreinaWeb.MinhaAPI.AcessaDados.Entity\TreinaWeb.MinhaAPI.AcessaDados.Entity.csproj", "{AB96FE67-B57D-4BFD-829B-ADF80A27F0D3}"
EndProject
Project("{2150E333-8FDC-42A3-9474-1A3956D46DE8}") = "Comum", "Comum", "{907C7CF7-E0F9-461D-BB42-BD585F19054A}"
EndProject
Project("{FAE04EC0-301F-11D3-BF4B-00C04F79EFBC}") = "TreinaWeb.Comum.Repositorios.Interfaces", "TreinaWeb.Comum.Repositorios.Interfaces\TreinaWeb.Comum.Repositorios.Interfaces.csproj", "{DB7DB300-7DA7-41C1-90C5-37322437D49A}"
EndProject
Project("{FAE04EC0-301F-11D3-BF4B-00C04F79EFBC}") = "TreinaWeb.Comum.Repositorio.Entity", "TreinaWeb.Comum.Repositorio.Entity\TreinaWeb.Comum.Repositorio.Entity.csproj", "{E9CE3A9E-6B38-4B27-A0AF-0920191CEB30}"
EndProject
Project("{FAE04EC0-301F-11D3-BF4B-00C04F79EFBC}") = "TreinaWeb.MinhaApi.Repositorio.Entity", "TreinaWeb.MinhaApi.Repositorio.Entity\TreinaWeb.MinhaApi.Repositorio.Entity.csproj", "{DF354BC3-3849-47CE-831F-B89195F1084D}"
EndProject
Global
	GlobalSection(SolutionConfigurationPlatforms) = preSolution
		Debug|Any CPU = Debug|Any CPU
		Release|Any CPU = Release|Any CPU
	EndGlobalSection
	GlobalSection(ProjectConfigurationPlatforms) = postSolution
		{82AC8346-3316-4B1D-8C42-EC83EFF4CE18}.Debug|Any CPU.ActiveCfg = Debug|Any CPU
		{82AC8346-3316-4B1D-8C42-EC83EFF4CE18}.Debug|Any CPU.Build.0 = Debug|Any CPU
		{82AC8346-3316-4B1D-8C42-EC83EFF4CE18}.Release|Any CPU.ActiveCfg = Release|Any CPU
		{82AC8346-3316-4B1D-8C42-EC83EFF4CE18}.Release|Any CPU.Build.0 = Release|Any CPU
		{8B842A56-C0DC-488E-806B-C7BC2A2DC710}.Debug|Any CPU.ActiveCfg = Debug|Any CPU
		{8B842A56-C0DC-488E-806B-C7BC2A2DC710}.Debug|Any CPU.Build.0 = Debug|Any CPU
		{8B842A56-C0DC-488E-806B-C7BC2A2DC710}.Release|Any CPU.ActiveCfg = Release|Any CPU
		{8B842A56-C0DC-488E-806B-C7BC2A2DC710}.Release|Any CPU.Build.0 = Release|Any CPU
		{AB96FE67-B57D-4BFD-829B-ADF80A27F0D3}.Debug|Any CPU.ActiveCfg = Debug|Any CPU
		{AB96FE67-B57D-4BFD-829B-ADF80A27F0D3}.Debug|Any CPU.Build.0 = Debug|Any CPU
		{AB96FE67-B57D-4BFD-829B-ADF80A27F0D3}.Release|Any CPU.ActiveCfg = Release|Any CPU
		{AB96FE67-B57D-4BFD-829B-ADF80A27F0D3}.Release|Any CPU.Build.0 = Release|Any CPU
		{DB7DB300-7DA7-41C1-90C5-37322437D49A}.Debug|Any CPU.ActiveCfg = Debug|Any CPU
		{DB7DB300-7DA7-41C1-90C5-37322437D49A}.Debug|Any CPU.Build.0 = Debug|Any CPU
		{DB7DB300-7DA7-41C1-90C5-37322437D49A}.Release|Any CPU.ActiveCfg = Release|Any CPU
		{DB7DB300-7DA7-41C1-90C5-37322437D49A}.Release|Any CPU.Build.0 = Release|Any CPU
		{E9CE3A9E-6B38-4B27-A0AF-0920191CEB30}.Debug|Any CPU.ActiveCfg = Debug|Any CPU
		{E9CE3A9E-6B38-4B27-A0AF-0920191CEB30}.Debug|Any CPU.Build.0 = Debug|Any CPU
		{E9CE3A9E-6B38-4B27-A0AF-0920191CEB30}.Release|Any CPU.ActiveCfg = Release|Any CPU
		{E9CE3A9E-6B38-4B27-A0AF-0920191CEB30}.Release|Any CPU.Build.0 = Release|Any CPU
		{DF354BC3-3849-47CE-831F-B89195F1084D}.Debug|Any CPU.ActiveCfg = Debug|Any CPU
		{DF354BC3-3849-47CE-831F-B89195F1084D}.Debug|Any CPU.Build.0 = Debug|Any CPU
		{DF354BC3-3849-47CE-831F-B89195F1084D}.Release|Any CPU.ActiveCfg = Release|Any CPU
		{DF354BC3-3849-47CE-831F-B89195F1084D}.Release|Any CPU.Build.0 = Release|Any CPU
	EndGlobalSection
	GlobalSection(SolutionProperties) = preSolution
		HideSolutionNode = FALSE
	EndGlobalSection
	GlobalSection(NestedProjects) = preSolution
		{DB7DB300-7DA7-41C1-90C5-37322437D49A} = {907C7CF7-E0F9-461D-BB42-BD585F19054A}
		{E9CE3A9E-6B38-4B27-A0AF-0920191CEB30} = {907C7CF7-E0F9-461D-BB42-BD585F19054A}
	EndGlobalSection
	GlobalSection(ExtensibilityGlobals) = postSolution
		SolutionGuid = {C51E7D83-3131-470C-93EC-0AE404632C7A}
	EndGlobalSection
EndGlobal
